{
  "name": "test-malicious",
  "version": "1.0.0",
  "lockfileVersion": 3,
  "packages": {
    "": { "dependencies": { "squaredev-next-online-payments-example": "99.0.0" } },
    "node_modules/squaredev-next-online-payments-example": {
      "version": "99.0.0",
      "resolved": "https://registry.npmjs.org/squaredev-next-online-payments-example/-/squaredev-next-online-payments-example-99.0.0.tgz",
      "integrity": "sha512-aaaaaaaaaaaaaaaaaaaaaaaaaaaaaaaaaaaaaaaaaaaaaaaaaaaaaaaaaaaaaaaaaaaaaaaaaaaaaaaaaaaaaaaaaa=="
    }
  }
}
